
Microsoft Visual Studio Solution File, Format Version 12.00
# Visual Studio Version 17
VisualStudioVersion = 17.9.34607.119
MinimumVisualStudioVersion = 10.0.40219.1
Project("{FAE04EC0-301F-11D3-BF4B-00C04F79EFBC}") = "Business", "Business\Business.csproj", "{3382F5A7-0E1F-4D4A-ADB7-B984029AEC29}"
EndProject
Project("{FAE04EC0-301F-11D3-BF4B-00C04F79EFBC}") = "DataAccess", "DataAccess\DataAccess.csproj", "{2A5FD5BC-5CAA-4CB8-9E1E-6D11828508C9}"
EndProject
Project("{FAE04EC0-301F-11D3-BF4B-00C04F79EFBC}") = "Entities", "Entities\Entities.csproj", "{571D76E0-9AAA-4E65-B526-55804BAAEBD9}"
EndProject
Project("{FAE04EC0-301F-11D3-BF4B-00C04F79EFBC}") = "Core", "Core\Core.csproj", "{29751959-BAF1-409B-976D-C865A722A7EE}"
EndProject
Project("{FAE04EC0-301F-11D3-BF4B-00C04F79EFBC}") = "WebAPI", "WebAPI\WebAPI.csproj", "{54B28C55-70B6-4DF0-99E3-D23E7DE84466}"
EndProject
Global
	GlobalSection(SolutionConfigurationPlatforms) = preSolution
		Debug|Any CPU = Debug|Any CPU
		Release|Any CPU = Release|Any CPU
	EndGlobalSection
	GlobalSection(ProjectConfigurationPlatforms) = postSolution
		{3382F5A7-0E1F-4D4A-ADB7-B984029AEC29}.Debug|Any CPU.ActiveCfg = Debug|Any CPU
		{3382F5A7-0E1F-4D4A-ADB7-B984029AEC29}.Debug|Any CPU.Build.0 = Debug|Any CPU
		{3382F5A7-0E1F-4D4A-ADB7-B984029AEC29}.Release|Any CPU.ActiveCfg = Release|Any CPU
		{3382F5A7-0E1F-4D4A-ADB7-B984029AEC29}.Release|Any CPU.Build.0 = Release|Any CPU
		{2A5FD5BC-5CAA-4CB8-9E1E-6D11828508C9}.Debug|Any CPU.ActiveCfg = Debug|Any CPU
		{2A5FD5BC-5CAA-4CB8-9E1E-6D11828508C9}.Debug|Any CPU.Build.0 = Debug|Any CPU
		{2A5FD5BC-5CAA-4CB8-9E1E-6D11828508C9}.Release|Any CPU.ActiveCfg = Release|Any CPU
		{2A5FD5BC-5CAA-4CB8-9E1E-6D11828508C9}.Release|Any CPU.Build.0 = Release|Any CPU
		{571D76E0-9AAA-4E65-B526-55804BAAEBD9}.Debug|Any CPU.ActiveCfg = Debug|Any CPU
		{571D76E0-9AAA-4E65-B526-55804BAAEBD9}.Debug|Any CPU.Build.0 = Debug|Any CPU
		{571D76E0-9AAA-4E65-B526-55804BAAEBD9}.Release|Any CPU.ActiveCfg = Release|Any CPU
		{571D76E0-9AAA-4E65-B526-55804BAAEBD9}.Release|Any CPU.Build.0 = Release|Any CPU
		{29751959-BAF1-409B-976D-C865A722A7EE}.Debug|Any CPU.ActiveCfg = Debug|Any CPU
		{29751959-BAF1-409B-976D-C865A722A7EE}.Debug|Any CPU.Build.0 = Debug|Any CPU
		{29751959-BAF1-409B-976D-C865A722A7EE}.Release|Any CPU.ActiveCfg = Release|Any CPU
		{29751959-BAF1-409B-976D-C865A722A7EE}.Release|Any CPU.Build.0 = Release|Any CPU
		{54B28C55-70B6-4DF0-99E3-D23E7DE84466}.Debug|Any CPU.ActiveCfg = Debug|Any CPU
		{54B28C55-70B6-4DF0-99E3-D23E7DE84466}.Debug|Any CPU.Build.0 = Debug|Any CPU
		{54B28C55-70B6-4DF0-99E3-D23E7DE84466}.Release|Any CPU.ActiveCfg = Release|Any CPU
		{54B28C55-70B6-4DF0-99E3-D23E7DE84466}.Release|Any CPU.Build.0 = Release|Any CPU
	EndGlobalSection
	GlobalSection(SolutionProperties) = preSolution
		HideSolutionNode = FALSE
	EndGlobalSection
	GlobalSection(ExtensibilityGlobals) = postSolution
		SolutionGuid = {E946E131-47FB-4B4E-AEBA-2A7779AF87E0}
	EndGlobalSection
EndGlobal
